
Microsoft Visual Studio Solution File, Format Version 12.00
# Visual Studio Version 17
VisualStudioVersion = 17.1.32421.90
MinimumVisualStudioVersion = 10.0.40219.1
Project("{FAE04EC0-301F-11D3-BF4B-00C04F79EFBC}") = "BookCatalog_Project", "BookCatalog_Project\BookCatalog_Project.csproj", "{514291CB-5A7A-464C-B7F3-B5F27F20F135}"
EndProject
Global
	GlobalSection(SolutionConfigurationPlatforms) = preSolution
		Debug|Any CPU = Debug|Any CPU
		Release|Any CPU = Release|Any CPU
	EndGlobalSection
	GlobalSection(ProjectConfigurationPlatforms) = postSolution
		{514291CB-5A7A-464C-B7F3-B5F27F20F135}.Debug|Any CPU.ActiveCfg = Debug|Any CPU
		{514291CB-5A7A-464C-B7F3-B5F27F20F135}.Debug|Any CPU.Build.0 = Debug|Any CPU
		{514291CB-5A7A-464C-B7F3-B5F27F20F135}.Release|Any CPU.ActiveCfg = Release|Any CPU
		{514291CB-5A7A-464C-B7F3-B5F27F20F135}.Release|Any CPU.Build.0 = Release|Any CPU
	EndGlobalSection
	GlobalSection(SolutionProperties) = preSolution
		HideSolutionNode = FALSE
	EndGlobalSection
	GlobalSection(ExtensibilityGlobals) = postSolution
		SolutionGuid = {37AF7C4D-9BA3-4FAA-BEA1-2399281AC147}
	EndGlobalSection
EndGlobal
